
Microsoft Visual Studio Solution File, Format Version 12.00
# Visual Studio Version 17
VisualStudioVersion = 17.3.32819.101
MinimumVisualStudioVersion = 10.0.40219.1
Project("{FAE04EC0-301F-11D3-BF4B-00C04F79EFBC}") = "Entity", "Entity\Entity.csproj", "{E617EEDB-B0A4-43AA-8C9F-DA508B591B1D}"
EndProject
Global
	GlobalSection(SolutionConfigurationPlatforms) = preSolution
		Debug|Any CPU = Debug|Any CPU
		Release|Any CPU = Release|Any CPU
	EndGlobalSection
	GlobalSection(ProjectConfigurationPlatforms) = postSolution
		{E617EEDB-B0A4-43AA-8C9F-DA508B591B1D}.Debug|Any CPU.ActiveCfg = Debug|Any CPU
		{E617EEDB-B0A4-43AA-8C9F-DA508B591B1D}.Debug|Any CPU.Build.0 = Debug|Any CPU
		{E617EEDB-B0A4-43AA-8C9F-DA508B591B1D}.Release|Any CPU.ActiveCfg = Release|Any CPU
		{E617EEDB-B0A4-43AA-8C9F-DA508B591B1D}.Release|Any CPU.Build.0 = Release|Any CPU
	EndGlobalSection
	GlobalSection(SolutionProperties) = preSolution
		HideSolutionNode = FALSE
	EndGlobalSection
	GlobalSection(ExtensibilityGlobals) = postSolution
		SolutionGuid = {D35DBE25-EE87-4938-9034-157E8F4E876B}
	EndGlobalSection
EndGlobal
